{
  "name": "h5p-ractive",
  "version": "0.8.14",
  "lockfileVersion": 1,
  "requires": true,
  "dependencies": {
    "ractive": {
      "version": "0.8.14",
      "resolved": "https://registry.npmjs.org/ractive/-/ractive-0.8.14.tgz",
      "integrity": "sha1-O0eK4pQSI6lDPgR3qvVMnrnhh2U="
    }
  }
}
